
Microsoft Visual Studio Solution File, Format Version 12.00
# Visual Studio Version 16
VisualStudioVersion = 16.0.29806.167
MinimumVisualStudioVersion = 10.0.40219.1
Project("{FAE04EC0-301F-11D3-BF4B-00C04F79EFBC}") = "MediatorClient", "MediatorClient\MediatorClient.csproj", "{06CCACF8-AACD-476F-8DEA-1680B4CE6567}"
EndProject
Project("{FAE04EC0-301F-11D3-BF4B-00C04F79EFBC}") = "Mediator", "Mediator\Mediator.csproj", "{AA57519E-C529-4D0B-A002-50D6B9EFCDCA}"
EndProject
Project("{FAE04EC0-301F-11D3-BF4B-00C04F79EFBC}") = "Stages", "Stages\Stages.csproj", "{4804DE19-3EBC-49EE-BE38-7C8BC10D46E1}"
EndProject
Project("{FAE04EC0-301F-11D3-BF4B-00C04F79EFBC}") = "Models", "Models\Models.csproj", "{75C87DDB-806F-4D0F-B76F-44F378331F09}"
EndProject
Global
	GlobalSection(SolutionConfigurationPlatforms) = preSolution
		Debug|Any CPU = Debug|Any CPU
		Release|Any CPU = Release|Any CPU
	EndGlobalSection
	GlobalSection(ProjectConfigurationPlatforms) = postSolution
		{06CCACF8-AACD-476F-8DEA-1680B4CE6567}.Debug|Any CPU.ActiveCfg = Debug|Any CPU
		{06CCACF8-AACD-476F-8DEA-1680B4CE6567}.Debug|Any CPU.Build.0 = Debug|Any CPU
		{06CCACF8-AACD-476F-8DEA-1680B4CE6567}.Release|Any CPU.ActiveCfg = Release|Any CPU
		{06CCACF8-AACD-476F-8DEA-1680B4CE6567}.Release|Any CPU.Build.0 = Release|Any CPU
		{AA57519E-C529-4D0B-A002-50D6B9EFCDCA}.Debug|Any CPU.ActiveCfg = Debug|Any CPU
		{AA57519E-C529-4D0B-A002-50D6B9EFCDCA}.Debug|Any CPU.Build.0 = Debug|Any CPU
		{AA57519E-C529-4D0B-A002-50D6B9EFCDCA}.Release|Any CPU.ActiveCfg = Release|Any CPU
		{AA57519E-C529-4D0B-A002-50D6B9EFCDCA}.Release|Any CPU.Build.0 = Release|Any CPU
		{4804DE19-3EBC-49EE-BE38-7C8BC10D46E1}.Debug|Any CPU.ActiveCfg = Debug|Any CPU
		{4804DE19-3EBC-49EE-BE38-7C8BC10D46E1}.Debug|Any CPU.Build.0 = Debug|Any CPU
		{4804DE19-3EBC-49EE-BE38-7C8BC10D46E1}.Release|Any CPU.ActiveCfg = Release|Any CPU
		{4804DE19-3EBC-49EE-BE38-7C8BC10D46E1}.Release|Any CPU.Build.0 = Release|Any CPU
		{75C87DDB-806F-4D0F-B76F-44F378331F09}.Debug|Any CPU.ActiveCfg = Debug|Any CPU
		{75C87DDB-806F-4D0F-B76F-44F378331F09}.Debug|Any CPU.Build.0 = Debug|Any CPU
		{75C87DDB-806F-4D0F-B76F-44F378331F09}.Release|Any CPU.ActiveCfg = Release|Any CPU
		{75C87DDB-806F-4D0F-B76F-44F378331F09}.Release|Any CPU.Build.0 = Release|Any CPU
	EndGlobalSection
	GlobalSection(SolutionProperties) = preSolution
		HideSolutionNode = FALSE
	EndGlobalSection
	GlobalSection(ExtensibilityGlobals) = postSolution
		SolutionGuid = {9783654A-DEF6-4E3C-8D5C-387297C60571}
	EndGlobalSection
EndGlobal
